
Microsoft Visual Studio Solution File, Format Version 12.00
# Visual Studio Version 17
VisualStudioVersion = 17.1.32210.238
MinimumVisualStudioVersion = 10.0.40219.1
Project("{FAE04EC0-301F-11D3-BF4B-00C04F79EFBC}") = "SysAnd", "SysAnd\SysAnd.csproj", "{C1DA4E0B-CC7E-41A9-8A90-6309D870FA2E}"
EndProject
Global
	GlobalSection(SolutionConfigurationPlatforms) = preSolution
		Debug|Any CPU = Debug|Any CPU
		Release|Any CPU = Release|Any CPU
	EndGlobalSection
	GlobalSection(ProjectConfigurationPlatforms) = postSolution
		{C1DA4E0B-CC7E-41A9-8A90-6309D870FA2E}.Debug|Any CPU.ActiveCfg = Debug|Any CPU
		{C1DA4E0B-CC7E-41A9-8A90-6309D870FA2E}.Debug|Any CPU.Build.0 = Debug|Any CPU
		{C1DA4E0B-CC7E-41A9-8A90-6309D870FA2E}.Release|Any CPU.ActiveCfg = Release|Any CPU
		{C1DA4E0B-CC7E-41A9-8A90-6309D870FA2E}.Release|Any CPU.Build.0 = Release|Any CPU
	EndGlobalSection
	GlobalSection(SolutionProperties) = preSolution
		HideSolutionNode = FALSE
	EndGlobalSection
	GlobalSection(ExtensibilityGlobals) = postSolution
		SolutionGuid = {38E12714-7DE1-447C-93B1-937A76E508F8}
	EndGlobalSection
EndGlobal
